lockfileVersion: '9.0'

settings:
  autoInstallPeers: true
  excludeLinksFromLockfile: false

importers:

  .:
    dependencies:
      proper-lockfile:
        specifier: ^4.1.2
        version: 4.1.2
      ts-utils:
        specifier: git+https://github.com/tsaxking/global-ts-utilities.git
        version: global-ts-utilities.git@https://codeload.github.com/tsaxking/global-ts-utilities/tar.gz/38893cf5725d9eef050e811f37e89da89ed00bd7
      zod:
        specifier: ^3.24.1
        version: 3.24.1
    devDependencies:
      '@types/node':
        specifier: ^22.10.3
        version: 22.10.3
      '@types/proper-lockfile':
        specifier: ^4.1.4
        version: 4.1.4

packages:

  '@types/node@22.10.3':
    resolution: {integrity: sha512-DifAyw4BkrufCILvD3ucnuN8eydUfc/C1GlyrnI+LK6543w5/L3VeVgf05o3B4fqSXP1dKYLOZsKfutpxPzZrw==}

  '@types/proper-lockfile@4.1.4':
    resolution: {integrity: sha512-uo2ABllncSqg9F1D4nugVl9v93RmjxF6LJzQLMLDdPaXCUIDPeOJ21Gbqi43xNKzBi/WQ0Q0dICqufzQbMjipQ==}

  '@types/retry@0.12.5':
    resolution: {integrity: sha512-3xSjTp3v03X/lSQLkczaN9UIEwJMoMCA1+Nb5HfbJEQWogdeQIyVtTvxPXDQjZ5zws8rFQfVfRdz03ARihPJgw==}

  global-ts-utilities.git@https://codeload.github.com/tsaxking/global-ts-utilities/tar.gz/38893cf5725d9eef050e811f37e89da89ed00bd7:
    resolution: {tarball: https://codeload.github.com/tsaxking/global-ts-utilities/tar.gz/38893cf5725d9eef050e811f37e89da89ed00bd7}
    version: 0.0.0

  graceful-fs@4.2.11:
    resolution: {integrity: sha512-RbJ5/jmFcNNCcDV5o9eTnBLJ/HszWV0P73bc+Ff4nS/rJj+YaS6IGyiOL0VoBYX+l1Wrl3k63h/KrH+nhJ0XvQ==}

  proper-lockfile@4.1.2:
    resolution: {integrity: sha512-TjNPblN4BwAWMXU8s9AEz4JmQxnD1NNL7bNOY/AKUzyamc379FWASUhc/K1pL2noVb+XmZKLL68cjzLsiOAMaA==}

  retry@0.12.0:
    resolution: {integrity: sha512-9LkiTwjUh6rT555DtE9rTX+BKByPfrMzEAtnlEtdEwr3Nkffwiihqe2bWADg+OQRjt9gl6ICdmB/ZFDCGAtSow==}
    engines: {node: '>= 4'}

  signal-exit@3.0.7:
    resolution: {integrity: sha512-wnD2ZE+l+SPC/uoS0vXeE9L1+0wuaMqKlfz9AMUo38JsyLSBWSFcHR1Rri62LZc12vLr1gb3jl7iwQhgwpAbGQ==}

  undici-types@6.20.0:
    resolution: {integrity: sha512-Ny6QZ2Nju20vw1SRHe3d9jVu6gJ+4e3+MMpqu7pqE5HT6WsTSlce++GQmK5UXS8mzV8DSYHrQH+Xrf2jVcuKNg==}

  zod@3.24.1:
    resolution: {integrity: sha512-muH7gBL9sI1nciMZV67X5fTKKBLtwpZ5VBp1vsOQzj1MhrBZ4wlVCm3gedKZWLp0Oyel8sIGfeiz54Su+OVT+A==}

snapshots:

  '@types/node@22.10.3':
    dependencies:
      undici-types: 6.20.0

  '@types/proper-lockfile@4.1.4':
    dependencies:
      '@types/retry': 0.12.5

  '@types/retry@0.12.5': {}

  global-ts-utilities.git@https://codeload.github.com/tsaxking/global-ts-utilities/tar.gz/38893cf5725d9eef050e811f37e89da89ed00bd7: {}

  graceful-fs@4.2.11: {}

  proper-lockfile@4.1.2:
    dependencies:
      graceful-fs: 4.2.11
      retry: 0.12.0
      signal-exit: 3.0.7

  retry@0.12.0: {}

  signal-exit@3.0.7: {}

  undici-types@6.20.0: {}

  zod@3.24.1: {}
